
Microsoft Visual Studio Solution File, Format Version 12.00
# Visual Studio Version 16
VisualStudioVersion = 16.0.31727.386
MinimumVisualStudioVersion = 10.0.40219.1
Project("{9A19103F-16F7-4668-BE54-9A1E7A4F7556}") = "DIO.Bank", "DIO.Bank.csproj", "{17C5C7A7-0EC8-4E1F-86CF-52F2AAD7CA17}"
EndProject
Global
	GlobalSection(SolutionConfigurationPlatforms) = preSolution
		Debug|Any CPU = Debug|Any CPU
		Release|Any CPU = Release|Any CPU
	EndGlobalSection
	GlobalSection(ProjectConfigurationPlatforms) = postSolution
		{17C5C7A7-0EC8-4E1F-86CF-52F2AAD7CA17}.Debug|Any CPU.ActiveCfg = Debug|Any CPU
		{17C5C7A7-0EC8-4E1F-86CF-52F2AAD7CA17}.Debug|Any CPU.Build.0 = Debug|Any CPU
		{17C5C7A7-0EC8-4E1F-86CF-52F2AAD7CA17}.Release|Any CPU.ActiveCfg = Release|Any CPU
		{17C5C7A7-0EC8-4E1F-86CF-52F2AAD7CA17}.Release|Any CPU.Build.0 = Release|Any CPU
	EndGlobalSection
	GlobalSection(SolutionProperties) = preSolution
		HideSolutionNode = FALSE
	EndGlobalSection
	GlobalSection(ExtensibilityGlobals) = postSolution
		SolutionGuid = {0C6EDA19-C481-4FCA-AF0A-4B1AED2A8E34}
	EndGlobalSection
EndGlobal
